// !$*UTF8*$!
{
	archiveVersion = 1;
	classes = {
	};
	objectVersion = 56;
	objects = {

/* Begin PBXBuildFile section */
		50049A032C884AD400E3B58F /* AppDelegate.swift in Sources */ = {isa = PBXBuildFile; fileRef = 50049A022C884AD400E3B58F /* AppDelegate.swift */; };
		50049A052C884AD400E3B58F /* SceneDelegate.swift in Sources */ = {isa = PBXBuildFile; fileRef = 50049A042C884AD400E3B58F /* SceneDelegate.swift */; };
		50049A072C884AD400E3B58F /* ViewController.swift in Sources */ = {isa = PBXBuildFile; fileRef = 50049A062C884AD400E3B58F /* ViewController.swift */; };
		50049A0A2C884AD400E3B58F /* Main.storyboard in Resources */ = {isa = PBXBuildFile; fileRef = 50049A082C884AD400E3B58F /* Main.storyboard */; };
		50049A0C2C884AD600E3B58F /* Assets.xcassets in Resources */ = {isa = PBXBuildFile; fileRef = 50049A0B2C884AD600E3B58F /* Assets.xcassets */; };
		50049A0F2C884AD600E3B58F /* LaunchScreen.storyboard in Resources */ = {isa = PBXBuildFile; fileRef = 50049A0D2C884AD600E3B58F /* LaunchScreen.storyboard */; };
		50049A1A2C884AD600E3B58F /* GoluTests.swift in Sources */ = {isa = PBXBuildFile; fileRef = 50049A192C884AD600E3B58F /* GoluTests.swift */; };
		50049A242C884AD600E3B58F /* GoluUITests.swift in Sources */ = {isa = PBXBuildFile; fileRef = 50049A232C884AD600E3B58F /* GoluUITests.swift */; };
		50049A262C884AD600E3B58F /* GoluUITestsLaunchTests.swift in Sources */ = {isa = PBXBuildFile; fileRef = 50049A252C884AD600E3B58F /* GoluUITestsLaunchTests.swift */; };
		50049A332C88591800E3B58F /* ExploreViewController.swift in Sources */ = {isa = PBXBuildFile; fileRef = 50049A322C88591800E3B58F /* ExploreViewController.swift */; };
		50049A372C885AEB00E3B58F /* ExploreTableViewCell.swift in Sources */ = {isa = PBXBuildFile; fileRef = 50049A362C885AEB00E3B58F /* ExploreTableViewCell.swift */; };
/* End PBXBuildFile section */

/* Begin PBXContainerItemProxy section */
		50049A162C884AD600E3B58F /* PBXContainerItemProxy */ = {
			isa = PBXContainerItemProxy;
			containerPortal = 500499F72C884AD400E3B58F /* Project object */;
			proxyType = 1;
			remoteGlobalIDString = 500499FE2C884AD400E3B58F;
			remoteInfo = Golu;
		};
		50049A202C884AD600E3B58F /* PBXContainerItemProxy */ = {
			isa = PBXContainerItemProxy;
			containerPortal = 500499F72C884AD400E3B58F /* Project object */;
			proxyType = 1;
			remoteGlobalIDString = 500499FE2C884AD400E3B58F;
			remoteInfo = Golu;
		};
/* End PBXContainerItemProxy section */

/* Begin PBXFileReference section */
		500499FF2C884AD400E3B58F /* Golu.app */ = {isa = PBXFileReference; explicitFileType = wrapper.application; includeInIndex = 0; path = Golu.app; sourceTree = BUILT_PRODUCTS_DIR; };
		50049A022C884AD400E3B58F /* AppDelegate.swift */ = {isa = PBXFileReference; lastKnownFileType = sourcecode.swift; path = AppDelegate.swift; sourceTree = "<group>"; };
		50049A042C884AD400E3B58F /* SceneDelegate.swift */ = {isa = PBXFileReference; lastKnownFileType = sourcecode.swift; path = SceneDelegate.swift; sourceTree = "<group>"; };
		50049A062C884AD400E3B58F /* ViewController.swift */ = {isa = PBXFileReference; lastKnownFileType = sourcecode.swift; path = ViewController.swift; sourceTree = "<group>"; };
		50049A092C884AD400E3B58F /* Base */ = {isa = PBXFileReference; lastKnownFileType = file.storyboard; name = Base; path = Base.lproj/Main.storyboard; sourceTree = "<group>"; };
		50049A0B2C884AD600E3B58F /* Assets.xcassets */ = {isa = PBXFileReference; lastKnownFileType = folder.assetcatalog; path = Assets.xcassets; sourceTree = "<group>"; };
		50049A0E2C884AD600E3B58F /* Base */ = {isa = PBXFileReference; lastKnownFileType = file.storyboard; name = Base; path = Base.lproj/LaunchScreen.storyboard; sourceTree = "<group>"; };
		50049A102C884AD600E3B58F /* Info.plist */ = {isa = PBXFileReference; lastKnownFileType = text.plist.xml; path = Info.plist; sourceTree = "<group>"; };
		50049A152C884AD600E3B58F /* GoluTests.xctest */ = {isa = PBXFileReference; explicitFileType = wrapper.cfbundle; includeInIndex = 0; path = GoluTests.xctest; sourceTree = BUILT_PRODUCTS_DIR; };
		50049A192C884AD600E3B58F /* GoluTests.swift */ = {isa = PBXFileReference; lastKnownFileType = sourcecode.swift; path = GoluTests.swift; sourceTree = "<group>"; };
		50049A1F2C884AD600E3B58F /* GoluUITests.xctest */ = {isa = PBXFileReference; explicitFileType = wrapper.cfbundle; includeInIndex = 0; path = GoluUITests.xctest; sourceTree = BUILT_PRODUCTS_DIR; };
		50049A232C884AD600E3B58F /* GoluUITests.swift */ = {isa = PBXFileReference; lastKnownFileType = sourcecode.swift; path = GoluUITests.swift; sourceTree = "<group>"; };
		50049A252C884AD600E3B58F /* GoluUITestsLaunchTests.swift */ = {isa = PBXFileReference; lastKnownFileType = sourcecode.swift; path = GoluUITestsLaunchTests.swift; sourceTree = "<group>"; };
		50049A322C88591800E3B58F /* ExploreViewController.swift */ = {isa = PBXFileReference; lastKnownFileType = sourcecode.swift; path = ExploreViewController.swift; sourceTree = "<group>"; };
		50049A362C885AEB00E3B58F /* ExploreTableViewCell.swift */ = {isa = PBXFileReference; lastKnownFileType = sourcecode.swift; path = ExploreTableViewCell.swift; sourceTree = "<group>"; };
/* End PBXFileReference section */

/* Begin PBXFrameworksBuildPhase section */
		500499FC2C884AD400E3B58F /* Frameworks */ = {
			isa = PBXFrameworksBuildPhase;
			buildActionMask = 2147483647;
			files = (
			);
			runOnlyForDeploymentPostprocessing = 0;
		};
		50049A122C884AD600E3B58F /* Frameworks */ = {
			isa = PBXFrameworksBuildPhase;
			buildActionMask = 2147483647;
			files = (
			);
			runOnlyForDeploymentPostprocessing = 0;
		};
		50049A1C2C884AD600E3B58F /* Frameworks */ = {
			isa = PBXFrameworksBuildPhase;
			buildActionMask = 2147483647;
			files = (
			);
			runOnlyForDeploymentPostprocessing = 0;
		};
/* End PBXFrameworksBuildPhase section */

/* Begin PBXGroup section */
		500499F62C884AD400E3B58F = {
			isa = PBXGroup;
			children = (
				50049A012C884AD400E3B58F /* Golu */,
				50049A182C884AD600E3B58F /* GoluTests */,
				50049A222C884AD600E3B58F /* GoluUITests */,
				50049A002C884AD400E3B58F /* Products */,
			);
			sourceTree = "<group>";
		};
		50049A002C884AD400E3B58F /* Products */ = {
			isa = PBXGroup;
			children = (
				500499FF2C884AD400E3B58F /* Golu.app */,
				50049A152C884AD600E3B58F /* GoluTests.xctest */,
				50049A1F2C884AD600E3B58F /* GoluUITests.xctest */,
			);
			name = Products;
			sourceTree = "<group>";
		};
		50049A012C884AD400E3B58F /* Golu */ = {
			isa = PBXGroup;
			children = (
				50049A342C8859F000E3B58F /* Controller */,
				50049A022C884AD400E3B58F /* AppDelegate.swift */,
				50049A042C884AD400E3B58F /* SceneDelegate.swift */,
				50049A062C884AD400E3B58F /* ViewController.swift */,
				50049A082C884AD400E3B58F /* Main.storyboard */,
				50049A0B2C884AD600E3B58F /* Assets.xcassets */,
				50049A0D2C884AD600E3B58F /* LaunchScreen.storyboard */,
				50049A102C884AD600E3B58F /* Info.plist */,
				50049A322C88591800E3B58F /* ExploreViewController.swift */,
			);
			path = Golu;
			sourceTree = "<group>";
		};
		50049A182C884AD600E3B58F /* GoluTests */ = {
			isa = PBXGroup;
			children = (
				50049A192C884AD600E3B58F /* GoluTests.swift */,
			);
			path = GoluTests;
			sourceTree = "<group>";
		};
		50049A222C884AD600E3B58F /* GoluUITests */ = {
			isa = PBXGroup;
			children = (
				50049A232C884AD600E3B58F /* GoluUITests.swift */,
				50049A252C884AD600E3B58F /* GoluUITestsLaunchTests.swift */,
			);
			path = GoluUITests;
			sourceTree = "<group>";
		};
		50049A342C8859F000E3B58F /* Controller */ = {
			isa = PBXGroup;
			children = (
				50049A352C885A1B00E3B58F /* ExploreCableCell */,
			);
			path = Controller;
			sourceTree = "<group>";
		};
		50049A352C885A1B00E3B58F /* ExploreCableCell */ = {
			isa = PBXGroup;
			children = (
				50049A362C885AEB00E3B58F /* ExploreTableViewCell.swift */,
			);
			path = ExploreCableCell;
			sourceTree = "<group>";
		};
/* End PBXGroup section */

/* Begin PBXNativeTarget section */
		500499FE2C884AD400E3B58F /* Golu */ = {
			isa = PBXNativeTarget;
			buildConfigurationList = 50049A292C884AD600E3B58F /* Build configuration list for PBXNativeTarget "Golu" */;
			buildPhases = (
				500499FB2C884AD400E3B58F /* Sources */,
				500499FC2C884AD400E3B58F /* Frameworks */,
				500499FD2C884AD400E3B58F /* Resources */,
			);
			buildRules = (
			);
			dependencies = (
			);
			name = Golu;
			productName = Golu;
			productReference = 500499FF2C884AD400E3B58F /* Golu.app */;
			productType = "com.apple.product-type.application";
		};
		50049A142C884AD600E3B58F /* GoluTests */ = {
			isa = PBXNativeTarget;
			buildConfigurationList = 50049A2C2C884AD600E3B58F /* Build configuration list for PBXNativeTarget "GoluTests" */;
			buildPhases = (
				50049A112C884AD600E3B58F /* Sources */,
				50049A122C884AD600E3B58F /* Frameworks */,
				50049A132C884AD600E3B58F /* Resources */,
			);
			buildRules = (
			);
			dependencies = (
				50049A172C884AD600E3B58F /* PBXTargetDependency */,
			);
			name = GoluTests;
			productName = GoluTests;
			productReference = 50049A152C884AD600E3B58F /* GoluTests.xctest */;
			productType = "com.apple.product-type.bundle.unit-test";
		};
		50049A1E2C884AD600E3B58F /* GoluUITests */ = {
			isa = PBXNativeTarget;
			buildConfigurationList = 50049A2F2C884AD600E3B58F /* Build configuration list for PBXNativeTarget "GoluUITests" */;
			buildPhases = (
				50049A1B2C884AD600E3B58F /* Sources */,
				50049A1C2C884AD600E3B58F /* Frameworks */,
				50049A1D2C884AD600E3B58F /* Resources */,
			);
			buildRules = (
			);
			dependencies = (
				50049A212C884AD600E3B58F /* PBXTargetDependency */,
			);
			name = GoluUITests;
			productName = GoluUITests;
			productReference = 50049A1F2C884AD600E3B58F /* GoluUITests.xctest */;
			productType = "com.apple.product-type.bundle.ui-testing";
		};
/* End PBXNativeTarget section */

/* Begin PBXProject section */
		500499F72C884AD400E3B58F /* Project object */ = {
			isa = PBXProject;
			attributes = {
				BuildIndependentTargetsInParallel = 1;
				LastSwiftUpdateCheck = 1430;
				LastUpgradeCheck = 1430;
				TargetAttributes = {
					500499FE2C884AD400E3B58F = {
						CreatedOnToolsVersion = 14.3.1;
					};
					50049A142C884AD600E3B58F = {
						CreatedOnToolsVersion = 14.3.1;
						TestTargetID = 500499FE2C884AD400E3B58F;
					};
					50049A1E2C884AD600E3B58F = {
						CreatedOnToolsVersion = 14.3.1;
						TestTargetID = 500499FE2C884AD400E3B58F;
					};
				};
			};
			buildConfigurationList = 500499FA2C884AD400E3B58F /* Build configuration list for PBXProject "Golu" */;
			compatibilityVersion = "Xcode 14.0";
			developmentRegion = en;
			hasScannedForEncodings = 0;
			knownRegions = (
				en,
				Base,
			);
			mainGroup = 500499F62C884AD400E3B58F;
			productRefGroup = 50049A002C884AD400E3B58F /* Products */;
			projectDirPath = "";
			projectRoot = "";
			targets = (
				500499FE2C884AD400E3B58F /* Golu */,
				50049A142C884AD600E3B58F /* GoluTests */,
				50049A1E2C884AD600E3B58F /* GoluUITests */,
			);
		};
/* End PBXProject section */

/* Begin PBXResourcesBuildPhase section */
		500499FD2C884AD400E3B58F /* Resources */ = {
			isa = PBXResourcesBuildPhase;
			buildActionMask = 2147483647;
			files = (
				50049A0F2C884AD600E3B58F /* LaunchScreen.storyboard in Resources */,
				50049A0C2C884AD600E3B58F /* Assets.xcassets in Resources */,
				50049A0A2C884AD400E3B58F /* Main.storyboard in Resources */,
			);
			runOnlyForDeploymentPostprocessing = 0;
		};
		50049A132C884AD600E3B58F /* Resources */ = {
			isa = PBXResourcesBuildPhase;
			buildActionMask = 2147483647;
			files = (
			);
			runOnlyForDeploymentPostprocessing = 0;
		};
		50049A1D2C884AD600E3B58F /* Resources */ = {
			isa = PBXResourcesBuildPhase;
			buildActionMask = 2147483647;
			files = (
			);
			runOnlyForDeploymentPostprocessing = 0;
		};
/* End PBXResourcesBuildPhase section */

/* Begin PBXSourcesBuildPhase section */
		500499FB2C884AD400E3B58F /* Sources */ = {
			isa = PBXSourcesBuildPhase;
			buildActionMask = 2147483647;
			files = (
				50049A332C88591800E3B58F /* ExploreViewController.swift in Sources */,
				50049A372C885AEB00E3B58F /* ExploreTableViewCell.swift in Sources */,
				50049A072C884AD400E3B58F /* ViewController.swift in Sources */,
				50049A032C884AD400E3B58F /* AppDelegate.swift in Sources */,
				50049A052C884AD400E3B58F /* SceneDelegate.swift in Sources */,
			);
			runOnlyForDeploymentPostprocessing = 0;
		};
		50049A112C884AD600E3B58F /* Sources */ = {
			isa = PBXSourcesBuildPhase;
			buildActionMask = 2147483647;
			files = (
				50049A1A2C884AD600E3B58F /* GoluTests.swift in Sources */,
			);
			runOnlyForDeploymentPostprocessing = 0;
		};
		50049A1B2C884AD600E3B58F /* Sources */ = {
			isa = PBXSourcesBuildPhase;
			buildActionMask = 2147483647;
			files = (
				50049A242C884AD600E3B58F /* GoluUITests.swift in Sources */,
				50049A262C884AD600E3B58F /* GoluUITestsLaunchTests.swift in Sources */,
			);
			runOnlyForDeploymentPostprocessing = 0;
		};
/* End PBXSourcesBuildPhase section */

/* Begin PBXTargetDependency section */
		50049A172C884AD600E3B58F /* PBXTargetDependency */ = {
			isa = PBXTargetDependency;
			target = 500499FE2C884AD400E3B58F /* Golu */;
			targetProxy = 50049A162C884AD600E3B58F /* PBXContainerItemProxy */;
		};
		50049A212C884AD600E3B58F /* PBXTargetDependency */ = {
			isa = PBXTargetDependency;
			target = 500499FE2C884AD400E3B58F /* Golu */;
			targetProxy = 50049A202C884AD600E3B58F /* PBXContainerItemProxy */;
		};
/* End PBXTargetDependency section */

/* Begin PBXVariantGroup section */
		50049A082C884AD400E3B58F /* Main.storyboard */ = {
			isa = PBXVariantGroup;
			children = (
				50049A092C884AD400E3B58F /* Base */,
			);
			name = Main.storyboard;
			sourceTree = "<group>";
		};
		50049A0D2C884AD600E3B58F /* LaunchScreen.storyboard */ = {
			isa = PBXVariantGroup;
			children = (
				50049A0E2C884AD600E3B58F /* Base */,
			);
			name = LaunchScreen.storyboard;
			sourceTree = "<group>";
		};
/* End PBXVariantGroup section */

/* Begin XCBuildConfiguration section */
		50049A272C884AD600E3B58F /* Debug */ = {
			isa = XCBuildConfiguration;
			buildSettings = {
				ALWAYS_SEARCH_USER_PATHS = NO;
				CLANG_ANALYZER_NONNULL = YES;
				CLANG_ANALYZER_NUMBER_OBJECT_CONVERSION = YES_AGGRESSIVE;
				CLANG_CXX_LANGUAGE_STANDARD = "gnu++20";
				CLANG_ENABLE_MODULES = YES;
				CLANG_ENABLE_OBJC_ARC = YES;
				CLANG_ENABLE_OBJC_WEAK = YES;
				CLANG_WARN_BLOCK_CAPTURE_AUTORELEASING = YES;
				CLANG_WARN_BOOL_CONVERSION = YES;
				CLANG_WARN_COMMA = YES;
				CLANG_WARN_CONSTANT_CONVERSION = YES;
				CLANG_WARN_DEPRECATED_OBJC_IMPLEMENTATIONS = YES;
				CLANG_WARN_DIRECT_OBJC_ISA_USAGE = YES_ERROR;
				CLANG_WARN_DOCUMENTATION_COMMENTS = YES;
				CLANG_WARN_EMPTY_BODY = YES;
				CLANG_WARN_ENUM_CONVERSION = YES;
				CLANG_WARN_INFINITE_RECURSION = YES;
				CLANG_WARN_INT_CONVERSION = YES;
				CLANG_WARN_NON_LITERAL_NULL_CONVERSION = YES;
				CLANG_WARN_OBJC_IMPLICIT_RETAIN_SELF = YES;
				CLANG_WARN_OBJC_LITERAL_CONVERSION = YES;
				CLANG_WARN_OBJC_ROOT_CLASS = YES_ERROR;
				CLANG_WARN_QUOTED_INCLUDE_IN_FRAMEWORK_HEADER = YES;
				CLANG_WARN_RANGE_LOOP_ANALYSIS = YES;
				CLANG_WARN_STRICT_PROTOTYPES = YES;
				CLANG_WARN_SUSPICIOUS_MOVE = YES;
				CLANG_WARN_UNGUARDED_AVAILABILITY = YES_AGGRESSIVE;
				CLANG_WARN_UNREACHABLE_CODE = YES;
				CLANG_WARN__DUPLICATE_METHOD_MATCH = YES;
				COPY_PHASE_STRIP = NO;
				DEBUG_INFORMATION_FORMAT = dwarf;
				ENABLE_STRICT_OBJC_MSGSEND = YES;
				ENABLE_TESTABILITY = YES;
				GCC_C_LANGUAGE_STANDARD = gnu11;
				GCC_DYNAMIC_NO_PIC = NO;
				GCC_NO_COMMON_BLOCKS = YES;
				GCC_OPTIMIZATION_LEVEL = 0;
				GCC_PREPROCESSOR_DEFINITIONS = (
					"DEBUG=1",
					"$(inherited)",
				);
				GCC_WARN_64_TO_32_BIT_CONVERSION = YES;
				GCC_WARN_ABOUT_RETURN_TYPE = YES_ERROR;
				GCC_WARN_UNDECLARED_SELECTOR = YES;
				GCC_WARN_UNINITIALIZED_AUTOS = YES_AGGRESSIVE;
				GCC_WARN_UNUSED_FUNCTION = YES;
				GCC_WARN_UNUSED_VARIABLE = YES;
				IPHONEOS_DEPLOYMENT_TARGET = 16.4;
				MTL_ENABLE_DEBUG_INFO = INCLUDE_SOURCE;
				MTL_FAST_MATH = YES;
				ONLY_ACTIVE_ARCH = YES;
				SDKROOT = iphoneos;
				SWIFT_ACTIVE_COMPILATION_CONDITIONS = DEBUG;
				SWIFT_OPTIMIZATION_LEVEL = "-Onone";
			};
			name = Debug;
		};
		50049A282C884AD600E3B58F /* Release */ = {
			isa = XCBuildConfiguration;
			buildSettings = {
				ALWAYS_SEARCH_USER_PATHS = NO;
				CLANG_ANALYZER_NONNULL = YES;
				CLANG_ANALYZER_NUMBER_OBJECT_CONVERSION = YES_AGGRESSIVE;
				CLANG_CXX_LANGUAGE_STANDARD = "gnu++20";
				CLANG_ENABLE_MODULES = YES;
				CLANG_ENABLE_OBJC_ARC = YES;
				CLANG_ENABLE_OBJC_WEAK = YES;
				CLANG_WARN_BLOCK_CAPTURE_AUTORELEASING = YES;
				CLANG_WARN_BOOL_CONVERSION = YES;
				CLANG_WARN_COMMA = YES;
				CLANG_WARN_CONSTANT_CONVERSION = YES;
				CLANG_WARN_DEPRECATED_OBJC_IMPLEMENTATIONS = YES;
				CLANG_WARN_DIRECT_OBJC_ISA_USAGE = YES_ERROR;
				CLANG_WARN_DOCUMENTATION_COMMENTS = YES;
				CLANG_WARN_EMPTY_BODY = YES;
				CLANG_WARN_ENUM_CONVERSION = YES;
				CLANG_WARN_INFINITE_RECURSION = YES;
				CLANG_WARN_INT_CONVERSION = YES;
				CLANG_WARN_NON_LITERAL_NULL_CONVERSION = YES;
				CLANG_WARN_OBJC_IMPLICIT_RETAIN_SELF = YES;
				CLANG_WARN_OBJC_LITERAL_CONVERSION = YES;
				CLANG_WARN_OBJC_ROOT_CLASS = YES_ERROR;
				CLANG_WARN_QUOTED_INCLUDE_IN_FRAMEWORK_HEADER = YES;
				CLANG_WARN_RANGE_LOOP_ANALYSIS = YES;
				CLANG_WARN_STRICT_PROTOTYPES = YES;
				CLANG_WARN_SUSPICIOUS_MOVE = YES;
				CLANG_WARN_UNGUARDED_AVAILABILITY = YES_AGGRESSIVE;
				CLANG_WARN_UNREACHABLE_CODE = YES;
				CLANG_WARN__DUPLICATE_METHOD_MATCH = YES;
				COPY_PHASE_STRIP = NO;
				DEBUG_INFORMATION_FORMAT = "dwarf-with-dsym";
				ENABLE_NS_ASSERTIONS = NO;
				ENABLE_STRICT_OBJC_MSGSEND = YES;
				GCC_C_LANGUAGE_STANDARD = gnu11;
				GCC_NO_COMMON_BLOCKS = YES;
				GCC_WARN_64_TO_32_BIT_CONVERSION = YES;
				GCC_WARN_ABOUT_RETURN_TYPE = YES_ERROR;
				GCC_WARN_UNDECLARED_SELECTOR = YES;
				GCC_WARN_UNINITIALIZED_AUTOS = YES_AGGRESSIVE;
				GCC_WARN_UNUSED_FUNCTION = YES;
				GCC_WARN_UNUSED_VARIABLE = YES;
				IPHONEOS_DEPLOYMENT_TARGET = 16.4;
				MTL_ENABLE_DEBUG_INFO = NO;
				MTL_FAST_MATH = YES;
				SDKROOT = iphoneos;
				SWIFT_COMPILATION_MODE = wholemodule;
				SWIFT_OPTIMIZATION_LEVEL = "-O";
				VALIDATE_PRODUCT = YES;
			};
			name = Release;
		};
		50049A2A2C884AD600E3B58F /* Debug */ = {
			isa = XCBuildConfiguration;
			buildSettings = {
				ASSETCATALOG_COMPILER_APPICON_NAME = AppIcon;
				ASSETCATALOG_COMPILER_GLOBAL_ACCENT_COLOR_NAME = AccentColor;
				CODE_SIGN_STYLE = Automatic;
				CURRENT_PROJECT_VERSION = 1;
				DEVELOPMENT_TEAM = 9FG4F7HAMK;
				GENERATE_INFOPLIST_FILE = YES;
				INFOPLIST_FILE = Golu/Info.plist;
				INFOPLIST_KEY_UIApplicationSupportsIndirectInputEvents = YES;
				INFOPLIST_KEY_UILaunchStoryboardName = LaunchScreen;
				INFOPLIST_KEY_UIMainStoryboardFile = Main;
				INFOPLIST_KEY_UISupportedInterfaceOrientations_iPad = "UIInterfaceOrientationPortrait UIInterfaceOrientationPortraitUpsideDown UIInterfaceOrientationLandscapeLeft UIInterfaceOrientationLandscapeRight";
				INFOPLIST_KEY_UISupportedInterfaceOrientations_iPhone = "UIInterfaceOrientationPortrait UIInterfaceOrientationLandscapeLeft UIInterfaceOrientationLandscapeRight";
				LD_RUNPATH_SEARCH_PATHS = (
					"$(inherited)",
					"@executable_path/Frameworks",
				);
				MARKETING_VERSION = 1.0;
				PRODUCT_BUNDLE_IDENTIFIER = com.anilyadavjnt.Golu;
				PRODUCT_NAME = "$(TARGET_NAME)";
				SUPPORTED_PLATFORMS = "iphoneos iphonesimulator";
				SUPPORTS_MACCATALYST = NO;
				SUPPORTS_MAC_DESIGNED_FOR_IPHONE_IPAD = NO;
				SWIFT_EMIT_LOC_STRINGS = YES;
				SWIFT_VERSION = 5.0;
				TARGETED_DEVICE_FAMILY = "1,2";
			};
			name = Debug;
		};
		50049A2B2C884AD600E3B58F /* Release */ = {
			isa = XCBuildConfiguration;
			buildSettings = {
				ASSETCATALOG_COMPILER_APPICON_NAME = AppIcon;
				ASSETCATALOG_COMPILER_GLOBAL_ACCENT_COLOR_NAME = AccentColor;
				CODE_SIGN_STYLE = Automatic;
				CURRENT_PROJECT_VERSION = 1;
				DEVELOPMENT_TEAM = 9FG4F7HAMK;
				GENERATE_INFOPLIST_FILE = YES;
				INFOPLIST_FILE = Golu/Info.plist;
				INFOPLIST_KEY_UIApplicationSupportsIndirectInputEvents = YES;
				INFOPLIST_KEY_UILaunchStoryboardName = LaunchScreen;
				INFOPLIST_KEY_UIMainStoryboardFile = Main;
				INFOPLIST_KEY_UISupportedInterfaceOrientations_iPad = "UIInterfaceOrientationPortrait UIInterfaceOrientationPortraitUpsideDown UIInterfaceOrientationLandscapeLeft UIInterfaceOrientationLandscapeRight";
				INFOPLIST_KEY_UISupportedInterfaceOrientations_iPhone = "UIInterfaceOrientationPortrait UIInterfaceOrientationLandscapeLeft UIInterfaceOrientationLandscapeRight";
				LD_RUNPATH_SEARCH_PATHS = (
					"$(inherited)",
					"@executable_path/Frameworks",
				);
				MARKETING_VERSION = 1.0;
				PRODUCT_BUNDLE_IDENTIFIER = com.anilyadavjnt.Golu;
				PRODUCT_NAME = "$(TARGET_NAME)";
				SUPPORTED_PLATFORMS = "iphoneos iphonesimulator";
				SUPPORTS_MACCATALYST = NO;
				SUPPORTS_MAC_DESIGNED_FOR_IPHONE_IPAD = NO;
				SWIFT_EMIT_LOC_STRINGS = YES;
				SWIFT_VERSION = 5.0;
				TARGETED_DEVICE_FAMILY = "1,2";
			};
			name = Release;
		};
		50049A2D2C884AD600E3B58F /* Debug */ = {
			isa = XCBuildConfiguration;
			buildSettings = {
				ALWAYS_EMBED_SWIFT_STANDARD_LIBRARIES = YES;
				BUNDLE_LOADER = "$(TEST_HOST)";
				CODE_SIGN_STYLE = Automatic;
				CURRENT_PROJECT_VERSION = 1;
				DEVELOPMENT_TEAM = 9FG4F7HAMK;
				GENERATE_INFOPLIST_FILE = YES;
				IPHONEOS_DEPLOYMENT_TARGET = 16.4;
				MARKETING_VERSION = 1.0;
				PRODUCT_BUNDLE_IDENTIFIER = com.anilyadavjnt.GoluTests;
				PRODUCT_NAME = "$(TARGET_NAME)";
				SWIFT_EMIT_LOC_STRINGS = NO;
				SWIFT_VERSION = 5.0;
				TARGETED_DEVICE_FAMILY = "1,2";
				TEST_HOST = "$(BUILT_PRODUCTS_DIR)/Golu.app/$(BUNDLE_EXECUTABLE_FOLDER_PATH)/Golu";
			};
			name = Debug;
		};
		50049A2E2C884AD600E3B58F /* Release */ = {
			isa = XCBuildConfiguration;
			buildSettings = {
				ALWAYS_EMBED_SWIFT_STANDARD_LIBRARIES = YES;
				BUNDLE_LOADER = "$(TEST_HOST)";
				CODE_SIGN_STYLE = Automatic;
				CURRENT_PROJECT_VERSION = 1;
				DEVELOPMENT_TEAM = 9FG4F7HAMK;
				GENERATE_INFOPLIST_FILE = YES;
				IPHONEOS_DEPLOYMENT_TARGET = 16.4;
				MARKETING_VERSION = 1.0;
				PRODUCT_BUNDLE_IDENTIFIER = com.anilyadavjnt.GoluTests;
				PRODUCT_NAME = "$(TARGET_NAME)";
				SWIFT_EMIT_LOC_STRINGS = NO;
				SWIFT_VERSION = 5.0;
				TARGETED_DEVICE_FAMILY = "1,2";
				TEST_HOST = "$(BUILT_PRODUCTS_DIR)/Golu.app/$(BUNDLE_EXECUTABLE_FOLDER_PATH)/Golu";
			};
			name = Release;
		};
		50049A302C884AD600E3B58F /* Debug */ = {
			isa = XCBuildConfiguration;
			buildSettings = {
				ALWAYS_EMBED_SWIFT_STANDARD_LIBRARIES = YES;
				CODE_SIGN_STYLE = Automatic;
				CURRENT_PROJECT_VERSION = 1;
				DEVELOPMENT_TEAM = 9FG4F7HAMK;
				GENERATE_INFOPLIST_FILE = YES;
				MARKETING_VERSION = 1.0;
				PRODUCT_BUNDLE_IDENTIFIER = com.anilyadavjnt.GoluUITests;
				PRODUCT_NAME = "$(TARGET_NAME)";
				SWIFT_EMIT_LOC_STRINGS = NO;
				SWIFT_VERSION = 5.0;
				TARGETED_DEVICE_FAMILY = "1,2";
				TEST_TARGET_NAME = Golu;
			};
			name = Debug;
		};
		50049A312C884AD600E3B58F /* Release */ = {
			isa = XCBuildConfiguration;
			buildSettings = {
				ALWAYS_EMBED_SWIFT_STANDARD_LIBRARIES = YES;
				CODE_SIGN_STYLE = Automatic;
				CURRENT_PROJECT_VERSION = 1;
				DEVELOPMENT_TEAM = 9FG4F7HAMK;
				GENERATE_INFOPLIST_FILE = YES;
				MARKETING_VERSION = 1.0;
				PRODUCT_BUNDLE_IDENTIFIER = com.anilyadavjnt.GoluUITests;
				PRODUCT_NAME = "$(TARGET_NAME)";
				SWIFT_EMIT_LOC_STRINGS = NO;
				SWIFT_VERSION = 5.0;
				TARGETED_DEVICE_FAMILY = "1,2";
				TEST_TARGET_NAME = Golu;
			};
			name = Release;
		};
/* End XCBuildConfiguration section */

/* Begin XCConfigurationList section */
		500499FA2C884AD400E3B58F /* Build configuration list for PBXProject "Golu" */ = {
			isa = XCConfigurationList;
			buildConfigurations = (
				50049A272C884AD600E3B58F /* Debug */,
				50049A282C884AD600E3B58F /* Release */,
			);
			defaultConfigurationIsVisible = 0;
			defaultConfigurationName = Release;
		};
		50049A292C884AD600E3B58F /* Build configuration list for PBXNativeTarget "Golu" */ = {
			isa = XCConfigurationList;
			buildConfigurations = (
				50049A2A2C884AD600E3B58F /* Debug */,
				50049A2B2C884AD600E3B58F /* Release */,
			);
			defaultConfigurationIsVisible = 0;
			defaultConfigurationName = Release;
		};
		50049A2C2C884AD600E3B58F /* Build configuration list for PBXNativeTarget "GoluTests" */ = {
			isa = XCConfigurationList;
			buildConfigurations = (
				50049A2D2C884AD600E3B58F /* Debug */,
				50049A2E2C884AD600E3B58F /* Release */,
			);
			defaultConfigurationIsVisible = 0;
			defaultConfigurationName = Release;
		};
		50049A2F2C884AD600E3B58F /* Build configuration list for PBXNativeTarget "GoluUITests" */ = {
			isa = XCConfigurationList;
			buildConfigurations = (
				50049A302C884AD600E3B58F /* Debug */,
				50049A312C884AD600E3B58F /* Release */,
			);
			defaultConfigurationIsVisible = 0;
			defaultConfigurationName = Release;
		};
/* End XCConfigurationList section */
	};
	rootObject = 500499F72C884AD400E3B58F /* Project object */;
}
